lockfileVersion: '6.0'

settings:
  autoInstallPeers: true
  excludeLinksFromLockfile: false

dependencies:
  watcher:
    specifier: ^2.3.1
    version: 2.3.1

packages:

  /dettle@1.0.4:
    resolution: {integrity: sha512-ktaWiLYYc/ajSa819+HxwABpqtk3dGIAmo5CbHvT3B6XyQSM7VNGDvCPNu94Ptc+Ti4tjTvAKRUCXU/lrVG4WQ==}
    dev: false

  /promise-make-counter@1.0.1:
    resolution: {integrity: sha512-R1JGFIgSJDpNV/JXxytAx6K79noEpcBiZXWDa3ic9WEMpBZbUdVVQjlA266SCicJ9CGqd70iGbbzbjRKbGU1Jg==}
    dependencies:
      promise-make-naked: 3.0.0
    dev: false

  /promise-make-naked@3.0.0:
    resolution: {integrity: sha512-h71wwAMB2udFnlPmcxQMqKl6CckNLVKdk/ROtFivE6/VmW+rQKV0DWlGJ6VphRIoq22Tkonvdi3F+jlm5XDlow==}
    dev: false

  /stubborn-fs@1.2.5:
    resolution: {integrity: sha512-H2N9c26eXjzL/S/K+i/RHHcFanE74dptvvjM8iwzwbVcWY/zjBbgRqF3K0DY4+OD+uTTASTBvDoxPDaPN02D7g==}
    dev: false

  /tiny-readdir@2.7.3:
    resolution: {integrity: sha512-ae1CPk7/MRhdaSIfjytuCoCjcykCNfSH36MsD2Qq8A27apaVUV0nthOcCEjiBTTloBObq2ffvm0BycUayMWh3A==}
    dependencies:
      promise-make-counter: 1.0.1
    dev: false

  /watcher@2.3.1:
    resolution: {integrity: sha512-d3yl+ey35h05r5EFP0TafE2jsmQUJ9cc2aernRVyAkZiu0J3+3TbNugNcqdUJDoWOfL2p+bNsN427stsBC/HnA==}
    dependencies:
      dettle: 1.0.4
      stubborn-fs: 1.2.5
      tiny-readdir: 2.7.3
    dev: false
